
Microsoft Visual Studio Solution File, Format Version 12.00
# Visual Studio 2013
VisualStudioVersion = 12.0.31101.0
MinimumVisualStudioVersion = 10.0.40219.1
Project("{FAE04EC0-301F-11D3-BF4B-00C04F79EFBC}") = "ZA_Khan", "ZA_Khan\ZA_Khan.csproj", "{C921ABC2-CBC8-4CBC-8A6B-81DB8442F082}"
EndProject
Project("{FAE04EC0-301F-11D3-BF4B-00C04F79EFBC}") = "ZA_Khan.Tests", "ZA_Khan.Tests\ZA_Khan.Tests.csproj", "{1E092143-2081-4AFA-8548-83EE5C2F665D}"
EndProject
Project("{FAE04EC0-301F-11D3-BF4B-00C04F79EFBC}") = "ZA_Khan.Data", "ZA_Khan.Data\ZA_Khan.Data.csproj", "{ED6B6479-3187-430D-9B20-E5E9AF586E0D}"
EndProject
Project("{FAE04EC0-301F-11D3-BF4B-00C04F79EFBC}") = "ZA_Khan.Model", "ZA_Khan.Model\ZA_Khan.Model.csproj", "{984CB696-75D8-40B9-BDD9-9C4534C4F586}"
EndProject
Project("{FAE04EC0-301F-11D3-BF4B-00C04F79EFBC}") = "ZA_Khan.BusinessLogic", "ZA_Khan.BusinessLogic\ZA_Khan.BusinessLogic.csproj", "{078B777B-83CC-4635-8103-35C30B9735B3}"
EndProject
Project("{FAE04EC0-301F-11D3-BF4B-00C04F79EFBC}") = "ZA_Khan.Service", "ZA_Khan.Service\ZA_Khan.Service.csproj", "{02D2B862-267E-4E65-90B3-D709E764651A}"
EndProject
Global
	GlobalSection(SolutionConfigurationPlatforms) = preSolution
		Debug|Any CPU = Debug|Any CPU
		Release|Any CPU = Release|Any CPU
	EndGlobalSection
	GlobalSection(ProjectConfigurationPlatforms) = postSolution
		{C921ABC2-CBC8-4CBC-8A6B-81DB8442F082}.Debug|Any CPU.ActiveCfg = Debug|Any CPU
		{C921ABC2-CBC8-4CBC-8A6B-81DB8442F082}.Debug|Any CPU.Build.0 = Debug|Any CPU
		{C921ABC2-CBC8-4CBC-8A6B-81DB8442F082}.Release|Any CPU.ActiveCfg = Release|Any CPU
		{C921ABC2-CBC8-4CBC-8A6B-81DB8442F082}.Release|Any CPU.Build.0 = Release|Any CPU
		{1E092143-2081-4AFA-8548-83EE5C2F665D}.Debug|Any CPU.ActiveCfg = Debug|Any CPU
		{1E092143-2081-4AFA-8548-83EE5C2F665D}.Debug|Any CPU.Build.0 = Debug|Any CPU
		{1E092143-2081-4AFA-8548-83EE5C2F665D}.Release|Any CPU.ActiveCfg = Release|Any CPU
		{1E092143-2081-4AFA-8548-83EE5C2F665D}.Release|Any CPU.Build.0 = Release|Any CPU
		{ED6B6479-3187-430D-9B20-E5E9AF586E0D}.Debug|Any CPU.ActiveCfg = Debug|Any CPU
		{ED6B6479-3187-430D-9B20-E5E9AF586E0D}.Debug|Any CPU.Build.0 = Debug|Any CPU
		{ED6B6479-3187-430D-9B20-E5E9AF586E0D}.Release|Any CPU.ActiveCfg = Release|Any CPU
		{ED6B6479-3187-430D-9B20-E5E9AF586E0D}.Release|Any CPU.Build.0 = Release|Any CPU
		{984CB696-75D8-40B9-BDD9-9C4534C4F586}.Debug|Any CPU.ActiveCfg = Debug|Any CPU
		{984CB696-75D8-40B9-BDD9-9C4534C4F586}.Debug|Any CPU.Build.0 = Debug|Any CPU
		{984CB696-75D8-40B9-BDD9-9C4534C4F586}.Release|Any CPU.ActiveCfg = Release|Any CPU
		{984CB696-75D8-40B9-BDD9-9C4534C4F586}.Release|Any CPU.Build.0 = Release|Any CPU
		{078B777B-83CC-4635-8103-35C30B9735B3}.Debug|Any CPU.ActiveCfg = Debug|Any CPU
		{078B777B-83CC-4635-8103-35C30B9735B3}.Debug|Any CPU.Build.0 = Debug|Any CPU
		{078B777B-83CC-4635-8103-35C30B9735B3}.Release|Any CPU.ActiveCfg = Release|Any CPU
		{078B777B-83CC-4635-8103-35C30B9735B3}.Release|Any CPU.Build.0 = Release|Any CPU
		{02D2B862-267E-4E65-90B3-D709E764651A}.Debug|Any CPU.ActiveCfg = Debug|Any CPU
		{02D2B862-267E-4E65-90B3-D709E764651A}.Debug|Any CPU.Build.0 = Debug|Any CPU
		{02D2B862-267E-4E65-90B3-D709E764651A}.Release|Any CPU.ActiveCfg = Release|Any CPU
		{02D2B862-267E-4E65-90B3-D709E764651A}.Release|Any CPU.Build.0 = Release|Any CPU
	EndGlobalSection
	GlobalSection(SolutionProperties) = preSolution
		HideSolutionNode = FALSE
	EndGlobalSection
EndGlobal
